// !$*UTF8*$!
{
	archiveVersion = 1;
	classes = {
	};
	objectVersion = 56;
	objects = {

/* Begin PBXBuildFile section */
		5A152A3D2C317444001151B1 /* Apple_FrameworksApp.swift in Sources */ = {isa = PBXBuildFile; fileRef = 5A152A3C2C317444001151B1 /* Apple_FrameworksApp.swift */; };
		5A152A412C317447001151B1 /* Assets.xcassets in Resources */ = {isa = PBXBuildFile; fileRef = 5A152A402C317447001151B1 /* Assets.xcassets */; };
		5A152A442C317447001151B1 /* Preview Assets.xcassets in Resources */ = {isa = PBXBuildFile; fileRef = 5A152A432C317447001151B1 /* Preview Assets.xcassets */; };
		5A152A4E2C317447001151B1 /* Apple_FrameworksTests.swift in Sources */ = {isa = PBXBuildFile; fileRef = 5A152A4D2C317447001151B1 /* Apple_FrameworksTests.swift */; };
		5A152A582C317447001151B1 /* Apple_FrameworksUITests.swift in Sources */ = {isa = PBXBuildFile; fileRef = 5A152A572C317447001151B1 /* Apple_FrameworksUITests.swift */; };
		5A152A5A2C317447001151B1 /* Apple_FrameworksUITestsLaunchTests.swift in Sources */ = {isa = PBXBuildFile; fileRef = 5A152A592C317447001151B1 /* Apple_FrameworksUITestsLaunchTests.swift */; };
		5A152A672C3174BE001151B1 /* Framework.swift in Sources */ = {isa = PBXBuildFile; fileRef = 5A152A662C3174BE001151B1 /* Framework.swift */; };
		5A152A692C317940001151B1 /* FrameworkGridView.swift in Sources */ = {isa = PBXBuildFile; fileRef = 5A152A682C317940001151B1 /* FrameworkGridView.swift */; };
		5A152A6B2C31A346001151B1 /* DetailView.swift in Sources */ = {isa = PBXBuildFile; fileRef = 5A152A6A2C31A346001151B1 /* DetailView.swift */; };
		5A152A6D2C31A467001151B1 /* AppButton.swift in Sources */ = {isa = PBXBuildFile; fileRef = 5A152A6C2C31A467001151B1 /* AppButton.swift */; };
		5A90B33E2C3AAE450042C390 /* FrameworkGridViewViewModel.swift in Sources */ = {isa = PBXBuildFile; fileRef = 5A90B33D2C3AAE450042C390 /* FrameworkGridViewViewModel.swift */; };
		5A90B3402C3ACAC90042C390 /* SafariView.swift in Sources */ = {isa = PBXBuildFile; fileRef = 5A90B33F2C3ACAC90042C390 /* SafariView.swift */; };
		5AC5D64D2C3FB227007293DD /* DismissButtonView.swift in Sources */ = {isa = PBXBuildFile; fileRef = 5AC5D64C2C3FB227007293DD /* DismissButtonView.swift */; };
/* End PBXBuildFile section */

/* Begin PBXContainerItemProxy section */
		5A152A4A2C317447001151B1 /* PBXContainerItemProxy */ = {
			isa = PBXContainerItemProxy;
			containerPortal = 5A152A312C317443001151B1 /* Project object */;
			proxyType = 1;
			remoteGlobalIDString = 5A152A382C317444001151B1;
			remoteInfo = "Apple-Frameworks";
		};
		5A152A542C317447001151B1 /* PBXContainerItemProxy */ = {
			isa = PBXContainerItemProxy;
			containerPortal = 5A152A312C317443001151B1 /* Project object */;
			proxyType = 1;
			remoteGlobalIDString = 5A152A382C317444001151B1;
			remoteInfo = "Apple-Frameworks";
		};
/* End PBXContainerItemProxy section */

/* Begin PBXFileReference section */
		5A152A392C317444001151B1 /* Apple-Frameworks.app */ = {isa = PBXFileReference; explicitFileType = wrapper.application; includeInIndex = 0; path = "Apple-Frameworks.app"; sourceTree = BUILT_PRODUCTS_DIR; };
		5A152A3C2C317444001151B1 /* Apple_FrameworksApp.swift */ = {isa = PBXFileReference; lastKnownFileType = sourcecode.swift; path = Apple_FrameworksApp.swift; sourceTree = "<group>"; };
		5A152A402C317447001151B1 /* Assets.xcassets */ = {isa = PBXFileReference; lastKnownFileType = folder.assetcatalog; path = Assets.xcassets; sourceTree = "<group>"; };
		5A152A432C317447001151B1 /* Preview Assets.xcassets */ = {isa = PBXFileReference; lastKnownFileType = folder.assetcatalog; path = "Preview Assets.xcassets"; sourceTree = "<group>"; };
		5A152A492C317447001151B1 /* Apple-FrameworksTests.xctest */ = {isa = PBXFileReference; explicitFileType = wrapper.cfbundle; includeInIndex = 0; path = "Apple-FrameworksTests.xctest"; sourceTree = BUILT_PRODUCTS_DIR; };
		5A152A4D2C317447001151B1 /* Apple_FrameworksTests.swift */ = {isa = PBXFileReference; lastKnownFileType = sourcecode.swift; path = Apple_FrameworksTests.swift; sourceTree = "<group>"; };
		5A152A532C317447001151B1 /* Apple-FrameworksUITests.xctest */ = {isa = PBXFileReference; explicitFileType = wrapper.cfbundle; includeInIndex = 0; path = "Apple-FrameworksUITests.xctest"; sourceTree = BUILT_PRODUCTS_DIR; };
		5A152A572C317447001151B1 /* Apple_FrameworksUITests.swift */ = {isa = PBXFileReference; lastKnownFileType = sourcecode.swift; path = Apple_FrameworksUITests.swift; sourceTree = "<group>"; };
		5A152A592C317447001151B1 /* Apple_FrameworksUITestsLaunchTests.swift */ = {isa = PBXFileReference; lastKnownFileType = sourcecode.swift; path = Apple_FrameworksUITestsLaunchTests.swift; sourceTree = "<group>"; };
		5A152A662C3174BE001151B1 /* Framework.swift */ = {isa = PBXFileReference; lastKnownFileType = sourcecode.swift; path = Framework.swift; sourceTree = "<group>"; };
		5A152A682C317940001151B1 /* FrameworkGridView.swift */ = {isa = PBXFileReference; lastKnownFileType = sourcecode.swift; path = FrameworkGridView.swift; sourceTree = "<group>"; };
		5A152A6A2C31A346001151B1 /* DetailView.swift */ = {isa = PBXFileReference; lastKnownFileType = sourcecode.swift; path = DetailView.swift; sourceTree = "<group>"; };
		5A152A6C2C31A467001151B1 /* AppButton.swift */ = {isa = PBXFileReference; lastKnownFileType = sourcecode.swift; path = AppButton.swift; sourceTree = "<group>"; };
		5A90B33D2C3AAE450042C390 /* FrameworkGridViewViewModel.swift */ = {isa = PBXFileReference; lastKnownFileType = sourcecode.swift; path = FrameworkGridViewViewModel.swift; sourceTree = "<group>"; };
		5A90B33F2C3ACAC90042C390 /* SafariView.swift */ = {isa = PBXFileReference; lastKnownFileType = sourcecode.swift; path = SafariView.swift; sourceTree = "<group>"; };
		5AC5D64C2C3FB227007293DD /* DismissButtonView.swift */ = {isa = PBXFileReference; lastKnownFileType = sourcecode.swift; path = DismissButtonView.swift; sourceTree = "<group>"; };
/* End PBXFileReference section */

/* Begin PBXFrameworksBuildPhase section */
		5A152A362C317444001151B1 /* Frameworks */ = {
			isa = PBXFrameworksBuildPhase;
			buildActionMask = 2147483647;
			files = (
			);
			runOnlyForDeploymentPostprocessing = 0;
		};
		5A152A462C317447001151B1 /* Frameworks */ = {
			isa = PBXFrameworksBuildPhase;
			buildActionMask = 2147483647;
			files = (
			);
			runOnlyForDeploymentPostprocessing = 0;
		};
		5A152A502C317447001151B1 /* Frameworks */ = {
			isa = PBXFrameworksBuildPhase;
			buildActionMask = 2147483647;
			files = (
			);
			runOnlyForDeploymentPostprocessing = 0;
		};
/* End PBXFrameworksBuildPhase section */

/* Begin PBXGroup section */
		5A152A302C317443001151B1 = {
			isa = PBXGroup;
			children = (
				5A152A3B2C317444001151B1 /* Apple-Frameworks */,
				5A152A4C2C317447001151B1 /* Apple-FrameworksTests */,
				5A152A562C317447001151B1 /* Apple-FrameworksUITests */,
				5A152A3A2C317444001151B1 /* Products */,
			);
			sourceTree = "<group>";
		};
		5A152A3A2C317444001151B1 /* Products */ = {
			isa = PBXGroup;
			children = (
				5A152A392C317444001151B1 /* Apple-Frameworks.app */,
				5A152A492C317447001151B1 /* Apple-FrameworksTests.xctest */,
				5A152A532C317447001151B1 /* Apple-FrameworksUITests.xctest */,
			);
			name = Products;
			sourceTree = "<group>";
		};
		5A152A3B2C317444001151B1 /* Apple-Frameworks */ = {
			isa = PBXGroup;
			children = (
				5A152A3C2C317444001151B1 /* Apple_FrameworksApp.swift */,
				5AC5D64E2C3FB3C7007293DD /* Views */,
				5AC5D6512C3FB458007293DD /* Model */,
				5AC5D6522C3FB46A007293DD /* ViewModel */,
				5A152A402C317447001151B1 /* Assets.xcassets */,
				5A152A422C317447001151B1 /* Preview Content */,
			);
			path = "Apple-Frameworks";
			sourceTree = "<group>";
		};
		5A152A422C317447001151B1 /* Preview Content */ = {
			isa = PBXGroup;
			children = (
				5A152A432C317447001151B1 /* Preview Assets.xcassets */,
			);
			path = "Preview Content";
			sourceTree = "<group>";
		};
		5A152A4C2C317447001151B1 /* Apple-FrameworksTests */ = {
			isa = PBXGroup;
			children = (
				5A152A4D2C317447001151B1 /* Apple_FrameworksTests.swift */,
			);
			path = "Apple-FrameworksTests";
			sourceTree = "<group>";
		};
		5A152A562C317447001151B1 /* Apple-FrameworksUITests */ = {
			isa = PBXGroup;
			children = (
				5A152A572C317447001151B1 /* Apple_FrameworksUITests.swift */,
				5A152A592C317447001151B1 /* Apple_FrameworksUITestsLaunchTests.swift */,
			);
			path = "Apple-FrameworksUITests";
			sourceTree = "<group>";
		};
		5AC5D64E2C3FB3C7007293DD /* Views */ = {
			isa = PBXGroup;
			children = (
				5AC5D64F2C3FB425007293DD /* Screens */,
				5AC5D6502C3FB445007293DD /* Buttons */,
			);
			path = Views;
			sourceTree = "<group>";
		};
		5AC5D64F2C3FB425007293DD /* Screens */ = {
			isa = PBXGroup;
			children = (
				5A152A682C317940001151B1 /* FrameworkGridView.swift */,
				5A152A6A2C31A346001151B1 /* DetailView.swift */,
				5A90B33F2C3ACAC90042C390 /* SafariView.swift */,
			);
			path = Screens;
			sourceTree = "<group>";
		};
		5AC5D6502C3FB445007293DD /* Buttons */ = {
			isa = PBXGroup;
			children = (
				5AC5D64C2C3FB227007293DD /* DismissButtonView.swift */,
				5A152A6C2C31A467001151B1 /* AppButton.swift */,
			);
			path = Buttons;
			sourceTree = "<group>";
		};
		5AC5D6512C3FB458007293DD /* Model */ = {
			isa = PBXGroup;
			children = (
				5A152A662C3174BE001151B1 /* Framework.swift */,
			);
			path = Model;
			sourceTree = "<group>";
		};
		5AC5D6522C3FB46A007293DD /* ViewModel */ = {
			isa = PBXGroup;
			children = (
				5A90B33D2C3AAE450042C390 /* FrameworkGridViewViewModel.swift */,
			);
			path = ViewModel;
			sourceTree = "<group>";
		};
/* End PBXGroup section */

/* Begin PBXNativeTarget section */
		5A152A382C317444001151B1 /* Apple-Frameworks */ = {
			isa = PBXNativeTarget;
			buildConfigurationList = 5A152A5D2C317447001151B1 /* Build configuration list for PBXNativeTarget "Apple-Frameworks" */;
			buildPhases = (
				5A152A352C317444001151B1 /* Sources */,
				5A152A362C317444001151B1 /* Frameworks */,
				5A152A372C317444001151B1 /* Resources */,
			);
			buildRules = (
			);
			dependencies = (
			);
			name = "Apple-Frameworks";
			productName = "Apple-Frameworks";
			productReference = 5A152A392C317444001151B1 /* Apple-Frameworks.app */;
			productType = "com.apple.product-type.application";
		};
		5A152A482C317447001151B1 /* Apple-FrameworksTests */ = {
			isa = PBXNativeTarget;
			buildConfigurationList = 5A152A602C317447001151B1 /* Build configuration list for PBXNativeTarget "Apple-FrameworksTests" */;
			buildPhases = (
				5A152A452C317447001151B1 /* Sources */,
				5A152A462C317447001151B1 /* Frameworks */,
				5A152A472C317447001151B1 /* Resources */,
			);
			buildRules = (
			);
			dependencies = (
				5A152A4B2C317447001151B1 /* PBXTargetDependency */,
			);
			name = "Apple-FrameworksTests";
			productName = "Apple-FrameworksTests";
			productReference = 5A152A492C317447001151B1 /* Apple-FrameworksTests.xctest */;
			productType = "com.apple.product-type.bundle.unit-test";
		};
		5A152A522C317447001151B1 /* Apple-FrameworksUITests */ = {
			isa = PBXNativeTarget;
			buildConfigurationList = 5A152A632C317447001151B1 /* Build configuration list for PBXNativeTarget "Apple-FrameworksUITests" */;
			buildPhases = (
				5A152A4F2C317447001151B1 /* Sources */,
				5A152A502C317447001151B1 /* Frameworks */,
				5A152A512C317447001151B1 /* Resources */,
			);
			buildRules = (
			);
			dependencies = (
				5A152A552C317447001151B1 /* PBXTargetDependency */,
			);
			name = "Apple-FrameworksUITests";
			productName = "Apple-FrameworksUITests";
			productReference = 5A152A532C317447001151B1 /* Apple-FrameworksUITests.xctest */;
			productType = "com.apple.product-type.bundle.ui-testing";
		};
/* End PBXNativeTarget section */

/* Begin PBXProject section */
		5A152A312C317443001151B1 /* Project object */ = {
			isa = PBXProject;
			attributes = {
				BuildIndependentTargetsInParallel = 1;
				LastSwiftUpdateCheck = 1530;
				LastUpgradeCheck = 1530;
				TargetAttributes = {
					5A152A382C317444001151B1 = {
						CreatedOnToolsVersion = 15.3;
					};
					5A152A482C317447001151B1 = {
						CreatedOnToolsVersion = 15.3;
						TestTargetID = 5A152A382C317444001151B1;
					};
					5A152A522C317447001151B1 = {
						CreatedOnToolsVersion = 15.3;
						TestTargetID = 5A152A382C317444001151B1;
					};
				};
			};
			buildConfigurationList = 5A152A342C317443001151B1 /* Build configuration list for PBXProject "Apple-Frameworks" */;
			compatibilityVersion = "Xcode 14.0";
			developmentRegion = en;
			hasScannedForEncodings = 0;
			knownRegions = (
				en,
				Base,
			);
			mainGroup = 5A152A302C317443001151B1;
			productRefGroup = 5A152A3A2C317444001151B1 /* Products */;
			projectDirPath = "";
			projectRoot = "";
			targets = (
				5A152A382C317444001151B1 /* Apple-Frameworks */,
				5A152A482C317447001151B1 /* Apple-FrameworksTests */,
				5A152A522C317447001151B1 /* Apple-FrameworksUITests */,
			);
		};
/* End PBXProject section */

/* Begin PBXResourcesBuildPhase section */
		5A152A372C317444001151B1 /* Resources */ = {
			isa = PBXResourcesBuildPhase;
			buildActionMask = 2147483647;
			files = (
				5A152A442C317447001151B1 /* Preview Assets.xcassets in Resources */,
				5A152A412C317447001151B1 /* Assets.xcassets in Resources */,
			);
			runOnlyForDeploymentPostprocessing = 0;
		};
		5A152A472C317447001151B1 /* Resources */ = {
			isa = PBXResourcesBuildPhase;
			buildActionMask = 2147483647;
			files = (
			);
			runOnlyForDeploymentPostprocessing = 0;
		};
		5A152A512C317447001151B1 /* Resources */ = {
			isa = PBXResourcesBuildPhase;
			buildActionMask = 2147483647;
			files = (
			);
			runOnlyForDeploymentPostprocessing = 0;
		};
/* End PBXResourcesBuildPhase section */

/* Begin PBXSourcesBuildPhase section */
		5A152A352C317444001151B1 /* Sources */ = {
			isa = PBXSourcesBuildPhase;
			buildActionMask = 2147483647;
			files = (
				5A90B33E2C3AAE450042C390 /* FrameworkGridViewViewModel.swift in Sources */,
				5A152A692C317940001151B1 /* FrameworkGridView.swift in Sources */,
				5A152A6B2C31A346001151B1 /* DetailView.swift in Sources */,
				5A152A672C3174BE001151B1 /* Framework.swift in Sources */,
				5A152A3D2C317444001151B1 /* Apple_FrameworksApp.swift in Sources */,
				5AC5D64D2C3FB227007293DD /* DismissButtonView.swift in Sources */,
				5A152A6D2C31A467001151B1 /* AppButton.swift in Sources */,
				5A90B3402C3ACAC90042C390 /* SafariView.swift in Sources */,
			);
			runOnlyForDeploymentPostprocessing = 0;
		};
		5A152A452C317447001151B1 /* Sources */ = {
			isa = PBXSourcesBuildPhase;
			buildActionMask = 2147483647;
			files = (
				5A152A4E2C317447001151B1 /* Apple_FrameworksTests.swift in Sources */,
			);
			runOnlyForDeploymentPostprocessing = 0;
		};
		5A152A4F2C317447001151B1 /* Sources */ = {
			isa = PBXSourcesBuildPhase;
			buildActionMask = 2147483647;
			files = (
				5A152A5A2C317447001151B1 /* Apple_FrameworksUITestsLaunchTests.swift in Sources */,
				5A152A582C317447001151B1 /* Apple_FrameworksUITests.swift in Sources */,
			);
			runOnlyForDeploymentPostprocessing = 0;
		};
/* End PBXSourcesBuildPhase section */

/* Begin PBXTargetDependency section */
		5A152A4B2C317447001151B1 /* PBXTargetDependency */ = {
			isa = PBXTargetDependency;
			target = 5A152A382C317444001151B1 /* Apple-Frameworks */;
			targetProxy = 5A152A4A2C317447001151B1 /* PBXContainerItemProxy */;
		};
		5A152A552C317447001151B1 /* PBXTargetDependency */ = {
			isa = PBXTargetDependency;
			target = 5A152A382C317444001151B1 /* Apple-Frameworks */;
			targetProxy = 5A152A542C317447001151B1 /* PBXContainerItemProxy */;
		};
/* End PBXTargetDependency section */

/* Begin XCBuildConfiguration section */
		5A152A5B2C317447001151B1 /* Debug */ = {
			isa = XCBuildConfiguration;
			buildSettings = {
				ALWAYS_SEARCH_USER_PATHS = NO;
				ASSETCATALOG_COMPILER_GENERATE_SWIFT_ASSET_SYMBOL_EXTENSIONS = YES;
				CLANG_ANALYZER_NONNULL = YES;
				CLANG_ANALYZER_NUMBER_OBJECT_CONVERSION = YES_AGGRESSIVE;
				CLANG_CXX_LANGUAGE_STANDARD = "gnu++20";
				CLANG_ENABLE_MODULES = YES;
				CLANG_ENABLE_OBJC_ARC = YES;
				CLANG_ENABLE_OBJC_WEAK = YES;
				CLANG_WARN_BLOCK_CAPTURE_AUTORELEASING = YES;
				CLANG_WARN_BOOL_CONVERSION = YES;
				CLANG_WARN_COMMA = YES;
				CLANG_WARN_CONSTANT_CONVERSION = YES;
				CLANG_WARN_DEPRECATED_OBJC_IMPLEMENTATIONS = YES;
				CLANG_WARN_DIRECT_OBJC_ISA_USAGE = YES_ERROR;
				CLANG_WARN_DOCUMENTATION_COMMENTS = YES;
				CLANG_WARN_EMPTY_BODY = YES;
				CLANG_WARN_ENUM_CONVERSION = YES;
				CLANG_WARN_INFINITE_RECURSION = YES;
				CLANG_WARN_INT_CONVERSION = YES;
				CLANG_WARN_NON_LITERAL_NULL_CONVERSION = YES;
				CLANG_WARN_OBJC_IMPLICIT_RETAIN_SELF = YES;
				CLANG_WARN_OBJC_LITERAL_CONVERSION = YES;
				CLANG_WARN_OBJC_ROOT_CLASS = YES_ERROR;
				CLANG_WARN_QUOTED_INCLUDE_IN_FRAMEWORK_HEADER = YES;
				CLANG_WARN_RANGE_LOOP_ANALYSIS = YES;
				CLANG_WARN_STRICT_PROTOTYPES = YES;
				CLANG_WARN_SUSPICIOUS_MOVE = YES;
				CLANG_WARN_UNGUARDED_AVAILABILITY = YES_AGGRESSIVE;
				CLANG_WARN_UNREACHABLE_CODE = YES;
				CLANG_WARN__DUPLICATE_METHOD_MATCH = YES;
				COPY_PHASE_STRIP = NO;
				DEBUG_INFORMATION_FORMAT = dwarf;
				ENABLE_STRICT_OBJC_MSGSEND = YES;
				ENABLE_TESTABILITY = YES;
				ENABLE_USER_SCRIPT_SANDBOXING = YES;
				GCC_C_LANGUAGE_STANDARD = gnu17;
				GCC_DYNAMIC_NO_PIC = NO;
				GCC_NO_COMMON_BLOCKS = YES;
				GCC_OPTIMIZATION_LEVEL = 0;
				GCC_PREPROCESSOR_DEFINITIONS = (
					"DEBUG=1",
					"$(inherited)",
				);
				GCC_WARN_64_TO_32_BIT_CONVERSION = YES;
				GCC_WARN_ABOUT_RETURN_TYPE = YES_ERROR;
				GCC_WARN_UNDECLARED_SELECTOR = YES;
				GCC_WARN_UNINITIALIZED_AUTOS = YES_AGGRESSIVE;
				GCC_WARN_UNUSED_FUNCTION = YES;
				GCC_WARN_UNUSED_VARIABLE = YES;
				IPHONEOS_DEPLOYMENT_TARGET = 17.4;
				LOCALIZATION_PREFERS_STRING_CATALOGS = YES;
				MTL_ENABLE_DEBUG_INFO = INCLUDE_SOURCE;
				MTL_FAST_MATH = YES;
				ONLY_ACTIVE_ARCH = YES;
				SDKROOT = iphoneos;
				SWIFT_ACTIVE_COMPILATION_CONDITIONS = "DEBUG $(inherited)";
				SWIFT_OPTIMIZATION_LEVEL = "-Onone";
			};
			name = Debug;
		};
		5A152A5C2C317447001151B1 /* Release */ = {
			isa = XCBuildConfiguration;
			buildSettings = {
				ALWAYS_SEARCH_USER_PATHS = NO;
				ASSETCATALOG_COMPILER_GENERATE_SWIFT_ASSET_SYMBOL_EXTENSIONS = YES;
				CLANG_ANALYZER_NONNULL = YES;
				CLANG_ANALYZER_NUMBER_OBJECT_CONVERSION = YES_AGGRESSIVE;
				CLANG_CXX_LANGUAGE_STANDARD = "gnu++20";
				CLANG_ENABLE_MODULES = YES;
				CLANG_ENABLE_OBJC_ARC = YES;
				CLANG_ENABLE_OBJC_WEAK = YES;
				CLANG_WARN_BLOCK_CAPTURE_AUTORELEASING = YES;
				CLANG_WARN_BOOL_CONVERSION = YES;
				CLANG_WARN_COMMA = YES;
				CLANG_WARN_CONSTANT_CONVERSION = YES;
				CLANG_WARN_DEPRECATED_OBJC_IMPLEMENTATIONS = YES;
				CLANG_WARN_DIRECT_OBJC_ISA_USAGE = YES_ERROR;
				CLANG_WARN_DOCUMENTATION_COMMENTS = YES;
				CLANG_WARN_EMPTY_BODY = YES;
				CLANG_WARN_ENUM_CONVERSION = YES;
				CLANG_WARN_INFINITE_RECURSION = YES;
				CLANG_WARN_INT_CONVERSION = YES;
				CLANG_WARN_NON_LITERAL_NULL_CONVERSION = YES;
				CLANG_WARN_OBJC_IMPLICIT_RETAIN_SELF = YES;
				CLANG_WARN_OBJC_LITERAL_CONVERSION = YES;
				CLANG_WARN_OBJC_ROOT_CLASS = YES_ERROR;
				CLANG_WARN_QUOTED_INCLUDE_IN_FRAMEWORK_HEADER = YES;
				CLANG_WARN_RANGE_LOOP_ANALYSIS = YES;
				CLANG_WARN_STRICT_PROTOTYPES = YES;
				CLANG_WARN_SUSPICIOUS_MOVE = YES;
				CLANG_WARN_UNGUARDED_AVAILABILITY = YES_AGGRESSIVE;
				CLANG_WARN_UNREACHABLE_CODE = YES;
				CLANG_WARN__DUPLICATE_METHOD_MATCH = YES;
				COPY_PHASE_STRIP = NO;
				DEBUG_INFORMATION_FORMAT = "dwarf-with-dsym";
				ENABLE_NS_ASSERTIONS = NO;
				ENABLE_STRICT_OBJC_MSGSEND = YES;
				ENABLE_USER_SCRIPT_SANDBOXING = YES;
				GCC_C_LANGUAGE_STANDARD = gnu17;
				GCC_NO_COMMON_BLOCKS = YES;
				GCC_WARN_64_TO_32_BIT_CONVERSION = YES;
				GCC_WARN_ABOUT_RETURN_TYPE = YES_ERROR;
				GCC_WARN_UNDECLARED_SELECTOR = YES;
				GCC_WARN_UNINITIALIZED_AUTOS = YES_AGGRESSIVE;
				GCC_WARN_UNUSED_FUNCTION = YES;
				GCC_WARN_UNUSED_VARIABLE = YES;
				IPHONEOS_DEPLOYMENT_TARGET = 17.4;
				LOCALIZATION_PREFERS_STRING_CATALOGS = YES;
				MTL_ENABLE_DEBUG_INFO = NO;
				MTL_FAST_MATH = YES;
				SDKROOT = iphoneos;
				SWIFT_COMPILATION_MODE = wholemodule;
				VALIDATE_PRODUCT = YES;
			};
			name = Release;
		};
		5A152A5E2C317447001151B1 /* Debug */ = {
			isa = XCBuildConfiguration;
			buildSettings = {
				ASSETCATALOG_COMPILER_APPICON_NAME = AppIcon;
				ASSETCATALOG_COMPILER_GLOBAL_ACCENT_COLOR_NAME = AccentColor;
				CODE_SIGN_STYLE = Automatic;
				CURRENT_PROJECT_VERSION = 1;
				DEVELOPMENT_ASSET_PATHS = "\"Apple-Frameworks/Preview Content\"";
				DEVELOPMENT_TEAM = YRM49GUKC6;
				ENABLE_PREVIEWS = YES;
				GENERATE_INFOPLIST_FILE = YES;
				INFOPLIST_KEY_UIApplicationSceneManifest_Generation = YES;
				INFOPLIST_KEY_UIApplicationSupportsIndirectInputEvents = YES;
				INFOPLIST_KEY_UILaunchScreen_Generation = YES;
				INFOPLIST_KEY_UISupportedInterfaceOrientations_iPad = "UIInterfaceOrientationPortrait UIInterfaceOrientationPortraitUpsideDown UIInterfaceOrientationLandscapeLeft UIInterfaceOrientationLandscapeRight";
				INFOPLIST_KEY_UISupportedInterfaceOrientations_iPhone = "UIInterfaceOrientationPortrait UIInterfaceOrientationLandscapeLeft UIInterfaceOrientationLandscapeRight";
				LD_RUNPATH_SEARCH_PATHS = (
					"$(inherited)",
					"@executable_path/Frameworks",
				);
				MARKETING_VERSION = 1.0;
				PRODUCT_BUNDLE_IDENTIFIER = "com.Apple-Frameworks";
				PRODUCT_NAME = "$(TARGET_NAME)";
				SWIFT_EMIT_LOC_STRINGS = YES;
				SWIFT_VERSION = 5.0;
				TARGETED_DEVICE_FAMILY = "1,2";
			};
			name = Debug;
		};
		5A152A5F2C317447001151B1 /* Release */ = {
			isa = XCBuildConfiguration;
			buildSettings = {
				ASSETCATALOG_COMPILER_APPICON_NAME = AppIcon;
				ASSETCATALOG_COMPILER_GLOBAL_ACCENT_COLOR_NAME = AccentColor;
				CODE_SIGN_STYLE = Automatic;
				CURRENT_PROJECT_VERSION = 1;
				DEVELOPMENT_ASSET_PATHS = "\"Apple-Frameworks/Preview Content\"";
				DEVELOPMENT_TEAM = YRM49GUKC6;
				ENABLE_PREVIEWS = YES;
				GENERATE_INFOPLIST_FILE = YES;
				INFOPLIST_KEY_UIApplicationSceneManifest_Generation = YES;
				INFOPLIST_KEY_UIApplicationSupportsIndirectInputEvents = YES;
				INFOPLIST_KEY_UILaunchScreen_Generation = YES;
				INFOPLIST_KEY_UISupportedInterfaceOrientations_iPad = "UIInterfaceOrientationPortrait UIInterfaceOrientationPortraitUpsideDown UIInterfaceOrientationLandscapeLeft UIInterfaceOrientationLandscapeRight";
				INFOPLIST_KEY_UISupportedInterfaceOrientations_iPhone = "UIInterfaceOrientationPortrait UIInterfaceOrientationLandscapeLeft UIInterfaceOrientationLandscapeRight";
				LD_RUNPATH_SEARCH_PATHS = (
					"$(inherited)",
					"@executable_path/Frameworks",
				);
				MARKETING_VERSION = 1.0;
				PRODUCT_BUNDLE_IDENTIFIER = "com.Apple-Frameworks";
				PRODUCT_NAME = "$(TARGET_NAME)";
				SWIFT_EMIT_LOC_STRINGS = YES;
				SWIFT_VERSION = 5.0;
				TARGETED_DEVICE_FAMILY = "1,2";
			};
			name = Release;
		};
		5A152A612C317447001151B1 /* Debug */ = {
			isa = XCBuildConfiguration;
			buildSettings = {
				ALWAYS_EMBED_SWIFT_STANDARD_LIBRARIES = YES;
				BUNDLE_LOADER = "$(TEST_HOST)";
				CODE_SIGN_STYLE = Automatic;
				CURRENT_PROJECT_VERSION = 1;
				DEVELOPMENT_TEAM = YRM49GUKC6;
				GENERATE_INFOPLIST_FILE = YES;
				IPHONEOS_DEPLOYMENT_TARGET = 17.4;
				MARKETING_VERSION = 1.0;
				PRODUCT_BUNDLE_IDENTIFIER = "com.Apple-FrameworksTests";
				PRODUCT_NAME = "$(TARGET_NAME)";
				SWIFT_EMIT_LOC_STRINGS = NO;
				SWIFT_VERSION = 5.0;
				TARGETED_DEVICE_FAMILY = "1,2";
				TEST_HOST = "$(BUILT_PRODUCTS_DIR)/Apple-Frameworks.app/$(BUNDLE_EXECUTABLE_FOLDER_PATH)/Apple-Frameworks";
			};
			name = Debug;
		};
		5A152A622C317447001151B1 /* Release */ = {
			isa = XCBuildConfiguration;
			buildSettings = {
				ALWAYS_EMBED_SWIFT_STANDARD_LIBRARIES = YES;
				BUNDLE_LOADER = "$(TEST_HOST)";
				CODE_SIGN_STYLE = Automatic;
				CURRENT_PROJECT_VERSION = 1;
				DEVELOPMENT_TEAM = YRM49GUKC6;
				GENERATE_INFOPLIST_FILE = YES;
				IPHONEOS_DEPLOYMENT_TARGET = 17.4;
				MARKETING_VERSION = 1.0;
				PRODUCT_BUNDLE_IDENTIFIER = "com.Apple-FrameworksTests";
				PRODUCT_NAME = "$(TARGET_NAME)";
				SWIFT_EMIT_LOC_STRINGS = NO;
				SWIFT_VERSION = 5.0;
				TARGETED_DEVICE_FAMILY = "1,2";
				TEST_HOST = "$(BUILT_PRODUCTS_DIR)/Apple-Frameworks.app/$(BUNDLE_EXECUTABLE_FOLDER_PATH)/Apple-Frameworks";
			};
			name = Release;
		};
		5A152A642C317447001151B1 /* Debug */ = {
			isa = XCBuildConfiguration;
			buildSettings = {
				ALWAYS_EMBED_SWIFT_STANDARD_LIBRARIES = YES;
				CODE_SIGN_STYLE = Automatic;
				CURRENT_PROJECT_VERSION = 1;
				DEVELOPMENT_TEAM = YRM49GUKC6;
				GENERATE_INFOPLIST_FILE = YES;
				MARKETING_VERSION = 1.0;
				PRODUCT_BUNDLE_IDENTIFIER = "com.Apple-FrameworksUITests";
				PRODUCT_NAME = "$(TARGET_NAME)";
				SWIFT_EMIT_LOC_STRINGS = NO;
				SWIFT_VERSION = 5.0;
				TARGETED_DEVICE_FAMILY = "1,2";
				TEST_TARGET_NAME = "Apple-Frameworks";
			};
			name = Debug;
		};
		5A152A652C317447001151B1 /* Release */ = {
			isa = XCBuildConfiguration;
			buildSettings = {
				ALWAYS_EMBED_SWIFT_STANDARD_LIBRARIES = YES;
				CODE_SIGN_STYLE = Automatic;
				CURRENT_PROJECT_VERSION = 1;
				DEVELOPMENT_TEAM = YRM49GUKC6;
				GENERATE_INFOPLIST_FILE = YES;
				MARKETING_VERSION = 1.0;
				PRODUCT_BUNDLE_IDENTIFIER = "com.Apple-FrameworksUITests";
				PRODUCT_NAME = "$(TARGET_NAME)";
				SWIFT_EMIT_LOC_STRINGS = NO;
				SWIFT_VERSION = 5.0;
				TARGETED_DEVICE_FAMILY = "1,2";
				TEST_TARGET_NAME = "Apple-Frameworks";
			};
			name = Release;
		};
/* End XCBuildConfiguration section */

/* Begin XCConfigurationList section */
		5A152A342C317443001151B1 /* Build configuration list for PBXProject "Apple-Frameworks" */ = {
			isa = XCConfigurationList;
			buildConfigurations = (
				5A152A5B2C317447001151B1 /* Debug */,
				5A152A5C2C317447001151B1 /* Release */,
			);
			defaultConfigurationIsVisible = 0;
			defaultConfigurationName = Release;
		};
		5A152A5D2C317447001151B1 /* Build configuration list for PBXNativeTarget "Apple-Frameworks" */ = {
			isa = XCConfigurationList;
			buildConfigurations = (
				5A152A5E2C317447001151B1 /* Debug */,
				5A152A5F2C317447001151B1 /* Release */,
			);
			defaultConfigurationIsVisible = 0;
			defaultConfigurationName = Release;
		};
		5A152A602C317447001151B1 /* Build configuration list for PBXNativeTarget "Apple-FrameworksTests" */ = {
			isa = XCConfigurationList;
			buildConfigurations = (
				5A152A612C317447001151B1 /* Debug */,
				5A152A622C317447001151B1 /* Release */,
			);
			defaultConfigurationIsVisible = 0;
			defaultConfigurationName = Release;
		};
		5A152A632C317447001151B1 /* Build configuration list for PBXNativeTarget "Apple-FrameworksUITests" */ = {
			isa = XCConfigurationList;
			buildConfigurations = (
				5A152A642C317447001151B1 /* Debug */,
				5A152A652C317447001151B1 /* Release */,
			);
			defaultConfigurationIsVisible = 0;
			defaultConfigurationName = Release;
		};
/* End XCConfigurationList section */
	};
	rootObject = 5A152A312C317443001151B1 /* Project object */;
}
